
Microsoft Visual Studio Solution File, Format Version 12.00
# Visual Studio 15
VisualStudioVersion = 15.0.28010.2003
MinimumVisualStudioVersion = 10.0.40219.1
Project("{FAE04EC0-301F-11D3-BF4B-00C04F79EFBC}") = "ImageCompressorConsole", "ImageCompressorConsole\ImageCompressorConsole.csproj", "{80C0C182-E1C2-4693-B9D7-17888414B749}"
EndProject
Global
	GlobalSection(SolutionConfigurationPlatforms) = preSolution
		Debug|Any CPU = Debug|Any CPU
		Release|Any CPU = Release|Any CPU
	EndGlobalSection
	GlobalSection(ProjectConfigurationPlatforms) = postSolution
		{80C0C182-E1C2-4693-B9D7-17888414B749}.Debug|Any CPU.ActiveCfg = Debug|Any CPU
		{80C0C182-E1C2-4693-B9D7-17888414B749}.Debug|Any CPU.Build.0 = Debug|Any CPU
		{80C0C182-E1C2-4693-B9D7-17888414B749}.Release|Any CPU.ActiveCfg = Release|Any CPU
		{80C0C182-E1C2-4693-B9D7-17888414B749}.Release|Any CPU.Build.0 = Release|Any CPU
	EndGlobalSection
	GlobalSection(SolutionProperties) = preSolution
		HideSolutionNode = FALSE
	EndGlobalSection
	GlobalSection(ExtensibilityGlobals) = postSolution
		SolutionGuid = {B300F138-12A9-4149-8365-353EA8ADF7FA}
	EndGlobalSection
EndGlobal
